{
    "_readme": [
        "This file locks the dependencies of your project to a known state",
        "Read more about it at https://getcomposer.org/doc/01-basic-usage.md#installing-dependencies",
        "This file is @generated automatically"
    ],
    "content-hash": "fa51ffa296b9f3304ae92f9a6d37212b",
    "packages": [
        {
            "name": "html2text/html2text",
            "version": "4.3.1",
            "source": {
                "type": "git",
                "url": "https://github.com/mtibben/html2text.git",
                "reference": "61ad68e934066a6f8df29a3d23a6460536d0855c"
            },
            "dist": {
                "type": "zip",
                "url": "https://api.github.com/repos/mtibben/html2text/zipball/61ad68e934066a6f8df29a3d23a6460536d0855c",
                "reference": "61ad68e934066a6f8df29a3d23a6460536d0855c",
                "shasum": ""
            },
            "require-dev": {
                "phpunit/phpunit": "~4"
            },
            "suggest": {
                "ext-mbstring": "For best performance",
                "symfony/polyfill-mbstring": "If you can't install ext-mbstring"
            },
            "type": "library",
            "autoload": {
                "psr-4": {
                    "Html2Text\\": [
                        "src/",
                        "test/"
                    ]
                }
            },
            "notification-url": "https://packagist.org/downloads/",
            "license": [
                "GPL-2.0-or-later"
            ],
            "description": "Converts HTML to formatted plain text",
            "support": {
                "issues": "https://github.com/mtibben/html2text/issues",
                "source": "https://github.com/mtibben/html2text/tree/4.3.1"
            },
            "time": "2020-04-16T23:44:31+00:00"
        },
        {
            "name": "johngrogg/ics-parser",
            "version": "v2.2.2",
            "source": {
                "type": "git",
                "url": "https://github.com/u01jmg3/ics-parser.git",
                "reference": "69c80471a0a99142ebc72b21c2bc084e81a7c4f4"
            },
            "dist": {
                "type": "zip",
                "url": "https://api.github.com/repos/u01jmg3/ics-parser/zipball/69c80471a0a99142ebc72b21c2bc084e81a7c4f4",
                "reference": "69c80471a0a99142ebc72b21c2bc084e81a7c4f4",
                "shasum": ""
            },
            "require": {
                "ext-mbstring": "*",
                "php": ">=5.3.9"
            },
            "require-dev": {
                "phpunit/phpunit": "^4",
                "squizlabs/php_codesniffer": "~2.9.1"
            },
            "type": "library",
            "autoload": {
                "psr-0": {
                    "ICal": "src/"
                }
            },
            "notification-url": "https://packagist.org/downloads/",
            "license": [
                "MIT"
            ],
            "authors": [
                {
                    "name": "Jonathan Goode",
                    "role": "Developer/Owner"
                },
                {
                    "name": "John Grogg",
                    "email": "john.grogg@gmail.com",
                    "role": "Developer/Prior Owner"
                }
            ],
            "description": "ICS Parser",
            "homepage": "https://github.com/u01jmg3/ics-parser",
            "keywords": [
                "iCalendar",
                "ical",
                "ical-parser",
                "ics",
                "ics-parser",
                "ifb"
            ],
            "support": {
                "issues": "https://github.com/u01jmg3/ics-parser/issues",
                "source": "https://github.com/u01jmg3/ics-parser/tree/v2.2.2"
            },
            "funding": [
                {
                    "url": "https://github.com/sponsors/u01jmg3",
                    "type": "github"
                }
            ],
            "time": "2020-11-02T10:28:33+00:00"
        },
        {
            "name": "rlanvin/php-rrule",
            "version": "v2.3.2",
            "source": {
                "type": "git",
                "url": "https://github.com/rlanvin/php-rrule.git",
                "reference": "2221e8cdac037f3ead5bd17a8e19b0771534d4e7"
            },
            "dist": {
                "type": "zip",
                "url": "https://api.github.com/repos/rlanvin/php-rrule/zipball/2221e8cdac037f3ead5bd17a8e19b0771534d4e7",
                "reference": "2221e8cdac037f3ead5bd17a8e19b0771534d4e7",
                "shasum": ""
            },
            "require": {
                "php": ">=5.6.0"
            },
            "require-dev": {
                "phpmd/phpmd": "@stable",
                "phpunit/phpunit": "^5.7|^6.5|^8.0"
            },
            "suggest": {
                "ext-intl": "Intl extension is needed for humanReadable()"
            },
            "type": "library",
            "autoload": {
                "psr-4": {
                    "RRule\\": "src/"
                }
            },
            "notification-url": "https://packagist.org/downloads/",
            "license": [
                "MIT"
            ],
            "description": "Lightweight and fast recurrence rules for PHP (RFC 5545)",
            "homepage": "https://github.com/rlanvin/php-rrule",
            "keywords": [
                "date",
                "ical",
                "recurrence",
                "recurring",
                "rrule"
            ],
            "support": {
                "issues": "https://github.com/rlanvin/php-rrule/issues",
                "source": "https://github.com/rlanvin/php-rrule/tree/v2.3.2"
            },
            "time": "2022-05-03T13:11:22+00:00"
        }
    ],
    "packages-dev": [],
    "aliases": [],
    "minimum-stability": "stable",
    "stability-flags": [],
    "prefer-stable": false,
    "prefer-lowest": false,
    "platform": {
        "php": "^8.0"
    },
    "platform-dev": [],
    "plugin-api-version": "2.3.0"
}
